
Microsoft Visual Studio Solution File, Format Version 12.00
# Visual Studio Version 17
VisualStudioVersion = 17.4.33205.214
MinimumVisualStudioVersion = 10.0.40219.1
Project("{FAE04EC0-301F-11D3-BF4B-00C04F79EFBC}") = "RuleOfThree", "RuleOfThree.csproj", "{E264C4F7-6F98-45E4-9B66-617300F2D74B}"
EndProject
Global
	GlobalSection(SolutionConfigurationPlatforms) = preSolution
		Debug|Any CPU = Debug|Any CPU
		Release|Any CPU = Release|Any CPU
	EndGlobalSection
	GlobalSection(ProjectConfigurationPlatforms) = postSolution
		{E264C4F7-6F98-45E4-9B66-617300F2D74B}.Debug|Any CPU.ActiveCfg = Debug|Any CPU
		{E264C4F7-6F98-45E4-9B66-617300F2D74B}.Debug|Any CPU.Build.0 = Debug|Any CPU
		{E264C4F7-6F98-45E4-9B66-617300F2D74B}.Release|Any CPU.ActiveCfg = Release|Any CPU
		{E264C4F7-6F98-45E4-9B66-617300F2D74B}.Release|Any CPU.Build.0 = Release|Any CPU
	EndGlobalSection
	GlobalSection(SolutionProperties) = preSolution
		HideSolutionNode = FALSE
	EndGlobalSection
	GlobalSection(ExtensibilityGlobals) = postSolution
		SolutionGuid = {DB5A00C4-538A-4C26-98F8-2BA0B0EE6378}
	EndGlobalSection
EndGlobal
